
Microsoft Visual Studio Solution File, Format Version 12.00
# Visual Studio Version 17
VisualStudioVersion = 17.5.002.0
MinimumVisualStudioVersion = 10.0.40219.1
Project("{9A19103F-16F7-4668-BE54-9A1E7A4F7556}") = "AdventureWorks_backend", "AdventureWorks_backend.csproj", "{E5359937-8192-4306-A26D-8B788E5B27C3}"
EndProject
Global
	GlobalSection(SolutionConfigurationPlatforms) = preSolution
		Debug|Any CPU = Debug|Any CPU
		Release|Any CPU = Release|Any CPU
	EndGlobalSection
	GlobalSection(ProjectConfigurationPlatforms) = postSolution
		{E5359937-8192-4306-A26D-8B788E5B27C3}.Debug|Any CPU.ActiveCfg = Debug|Any CPU
		{E5359937-8192-4306-A26D-8B788E5B27C3}.Debug|Any CPU.Build.0 = Debug|Any CPU
		{E5359937-8192-4306-A26D-8B788E5B27C3}.Release|Any CPU.ActiveCfg = Release|Any CPU
		{E5359937-8192-4306-A26D-8B788E5B27C3}.Release|Any CPU.Build.0 = Release|Any CPU
	EndGlobalSection
	GlobalSection(SolutionProperties) = preSolution
		HideSolutionNode = FALSE
	EndGlobalSection
	GlobalSection(ExtensibilityGlobals) = postSolution
		SolutionGuid = {7CFBD295-DA57-429F-8DD8-9A16AD0BE3C9}
	EndGlobalSection
EndGlobal
